
Microsoft Visual Studio Solution File, Format Version 12.00
# Visual Studio Version 17
VisualStudioVersion = 17.14.36301.6 d17.14
MinimumVisualStudioVersion = 10.0.40219.1
Project("{FAE04EC0-301F-11D3-BF4B-00C04F79EFBC}") = "PumpMaster.Api", "PumpMaster.Api\PumpMaster.Api.csproj", "{D0762DE1-4CAA-AED2-EB83-913C122D132B}"
EndProject
Project("{FAE04EC0-301F-11D3-BF4B-00C04F79EFBC}") = "PumpMaster.Api.Tests", "PumpMaster.Api.Tests\PumpMaster.Api.Tests.csproj", "{D055CBCF-1D58-ADD0-279F-3C058DE9739C}"
EndProject
Global
	GlobalSection(SolutionConfigurationPlatforms) = preSolution
		Debug|Any CPU = Debug|Any CPU
		Release|Any CPU = Release|Any CPU
	EndGlobalSection
	GlobalSection(ProjectConfigurationPlatforms) = postSolution
		{D0762DE1-4CAA-AED2-EB83-913C122D132B}.Debug|Any CPU.ActiveCfg = Debug|Any CPU
		{D0762DE1-4CAA-AED2-EB83-913C122D132B}.Debug|Any CPU.Build.0 = Debug|Any CPU
		{D0762DE1-4CAA-AED2-EB83-913C122D132B}.Release|Any CPU.ActiveCfg = Release|Any CPU
		{D0762DE1-4CAA-AED2-EB83-913C122D132B}.Release|Any CPU.Build.0 = Release|Any CPU
		{D055CBCF-1D58-ADD0-279F-3C058DE9739C}.Debug|Any CPU.ActiveCfg = Debug|Any CPU
		{D055CBCF-1D58-ADD0-279F-3C058DE9739C}.Debug|Any CPU.Build.0 = Debug|Any CPU
		{D055CBCF-1D58-ADD0-279F-3C058DE9739C}.Release|Any CPU.ActiveCfg = Release|Any CPU
		{D055CBCF-1D58-ADD0-279F-3C058DE9739C}.Release|Any CPU.Build.0 = Release|Any CPU
	EndGlobalSection
	GlobalSection(SolutionProperties) = preSolution
		HideSolutionNode = FALSE
	EndGlobalSection
	GlobalSection(ExtensibilityGlobals) = postSolution
		SolutionGuid = {FC87A78F-3244-4BEF-B62F-9B829B198082}
	EndGlobalSection
EndGlobal
